Microsoft Visual Studio Solution File, Format Version 12.00
# Visual Studio Version 17
VisualStudioVersion = 17.5.2.0
MinimumVisualStudioVersion = 10.0.40219.1
Project("{2150E333-8FDC-42A3-9474-1A3956D46DE8}") = "azure-function-vibe", "azure-function-vibe", "{D499F5A1-71EA-98F2-4342-6D85396CF8A3}"
EndProject
Project("{2150E333-8FDC-42A3-9474-1A3956D46DE8}") = "src", "src", "{B253B531-D87B-F097-75A0-65E020B8B788}"
EndProject
Project("{FAE04EC0-301F-11D3-BF4B-00C04F79EFBC}") = "CepCache.FunctionApp", "azure-function-vibe\src\CepCache.FunctionApp\CepCache.FunctionApp.csproj", "{3F79F50C-00A4-6A5C-DD9B-8BFD16FAF5E8}"
EndProject
Global
	GlobalSection(SolutionConfigurationPlatforms) = preSolution
		Debug|Any CPU = Debug|Any CPU
		Release|Any CPU = Release|Any CPU
	EndGlobalSection
	GlobalSection(ProjectConfigurationPlatforms) = postSolution
		{3F79F50C-00A4-6A5C-DD9B-8BFD16FAF5E8}.Debug|Any CPU.ActiveCfg = Debug|Any CPU
		{3F79F50C-00A4-6A5C-DD9B-8BFD16FAF5E8}.Debug|Any CPU.Build.0 = Debug|Any CPU
		{3F79F50C-00A4-6A5C-DD9B-8BFD16FAF5E8}.Release|Any CPU.ActiveCfg = Release|Any CPU
		{3F79F50C-00A4-6A5C-DD9B-8BFD16FAF5E8}.Release|Any CPU.Build.0 = Release|Any CPU
	EndGlobalSection
	GlobalSection(SolutionProperties) = preSolution
		HideSolutionNode = FALSE
	EndGlobalSection
	GlobalSection(NestedProjects) = preSolution
		{B253B531-D87B-F097-75A0-65E020B8B788} = {D499F5A1-71EA-98F2-4342-6D85396CF8A3}
		{3F79F50C-00A4-6A5C-DD9B-8BFD16FAF5E8} = {B253B531-D87B-F097-75A0-65E020B8B788}
	EndGlobalSection
	GlobalSection(ExtensibilityGlobals) = postSolution
		SolutionGuid = {9DFFC215-BF38-4DEA-BE19-2D439AD540E2}
	EndGlobalSection
EndGlobal
